
Microsoft Visual Studio Solution File, Format Version 12.00
# Visual Studio Version 17
VisualStudioVersion = 17.13.35931.197 d17.13
MinimumVisualStudioVersion = 10.0.40219.1
Project("{FAE04EC0-301F-11D3-BF4B-00C04F79EFBC}") = "Are-of-a-triangle", "Are-of-a-triangle\Are-of-a-triangle.csproj", "{F54F675C-13D3-4758-BB5C-ED67B484066A}"
EndProject
Global
	GlobalSection(SolutionConfigurationPlatforms) = preSolution
		Debug|Any CPU = Debug|Any CPU
		Release|Any CPU = Release|Any CPU
	EndGlobalSection
	GlobalSection(ProjectConfigurationPlatforms) = postSolution
		{F54F675C-13D3-4758-BB5C-ED67B484066A}.Debug|Any CPU.ActiveCfg = Debug|Any CPU
		{F54F675C-13D3-4758-BB5C-ED67B484066A}.Debug|Any CPU.Build.0 = Debug|Any CPU
		{F54F675C-13D3-4758-BB5C-ED67B484066A}.Release|Any CPU.ActiveCfg = Release|Any CPU
		{F54F675C-13D3-4758-BB5C-ED67B484066A}.Release|Any CPU.Build.0 = Release|Any CPU
	EndGlobalSection
	GlobalSection(SolutionProperties) = preSolution
		HideSolutionNode = FALSE
	EndGlobalSection
	GlobalSection(ExtensibilityGlobals) = postSolution
		SolutionGuid = {5F1BAF26-69CD-4F62-82E1-BFA37709B961}
	EndGlobalSection
EndGlobal
