
Microsoft Visual Studio Solution File, Format Version 12.00
# Visual Studio Version 17
VisualStudioVersion = 17.13.35931.197 d17.13
MinimumVisualStudioVersion = 10.0.40219.1
Project("{FAE04EC0-301F-11D3-BF4B-00C04F79EFBC}") = "Greeneing-of-yards", "Greeneing-of-yards\Greeneing-of-yards.csproj", "{D1AACB9A-E90F-4E3F-BFCA-CA5B04454561}"
EndProject
Global
	GlobalSection(SolutionConfigurationPlatforms) = preSolution
		Debug|Any CPU = Debug|Any CPU
		Release|Any CPU = Release|Any CPU
	EndGlobalSection
	GlobalSection(ProjectConfigurationPlatforms) = postSolution
		{D1AACB9A-E90F-4E3F-BFCA-CA5B04454561}.Debug|Any CPU.ActiveCfg = Debug|Any CPU
		{D1AACB9A-E90F-4E3F-BFCA-CA5B04454561}.Debug|Any CPU.Build.0 = Debug|Any CPU
		{D1AACB9A-E90F-4E3F-BFCA-CA5B04454561}.Release|Any CPU.ActiveCfg = Release|Any CPU
		{D1AACB9A-E90F-4E3F-BFCA-CA5B04454561}.Release|Any CPU.Build.0 = Release|Any CPU
	EndGlobalSection
	GlobalSection(SolutionProperties) = preSolution
		HideSolutionNode = FALSE
	EndGlobalSection
	GlobalSection(ExtensibilityGlobals) = postSolution
		SolutionGuid = {F7324C48-79F0-4F7C-95A7-8C7E2CA3BAB6}
	EndGlobalSection
EndGlobal
